{
  "object": {
    "pins": [
      {
        "package": "PMKFoundation",
        "repositoryURL": "https://github.com/PromiseKit/Foundation.git",
        "state": {
          "branch": null,
          "revision": "1a276e598dac59489ed904887e0740fa75e571e0",
          "version": "3.3.4"
        }
      },
      {
        "package": "KeychainAccess",
        "repositoryURL": "https://github.com/kishikawakatsumi/KeychainAccess.git",
        "state": {
          "branch": null,
          "revision": "8d33ffd6f74b3bcfc99af759d4204c6395a3f918",
          "version": "3.2.1"
        }
      },
      {
        "package": "LegibleError",
        "repositoryURL": "https://github.com/mxcl/LegibleError.git",
        "state": {
          "branch": null,
          "revision": "909e9bab3ded97350b28a5ab41dd745dd8aa9710",
          "version": "1.0.4"
        }
      },
      {
        "package": "Path.swift",
        "repositoryURL": "https://github.com/mxcl/Path.swift.git",
        "state": {
          "branch": null,
          "revision": "dac007e907a4f4c565cfdc55a9ce148a761a11d5",
          "version": "0.16.3"
        }
      },
      {
        "package": "PromiseKit",
        "repositoryURL": "https://github.com/mxcl/PromiseKit.git",
        "state": {
          "branch": null,
          "revision": "aea48ea1855f5d82e2dffa6027afce3aab8f3dd7",
          "version": "6.13.3"
        }
      },
      {
        "package": "SwiftSoup",
        "repositoryURL": "https://github.com/scinfu/SwiftSoup.git",
        "state": {
          "branch": null,
          "revision": "774dc9c7213085db8aa59595e27c1cd22e428904",
          "version": "2.3.2"
        }
      },
      {
        "package": "Version",
        "repositoryURL": "https://github.com/mxcl/Version.git",
        "state": {
          "branch": null,
          "revision": "a94b48f36763c05629fc102837398505032dead9",
          "version": "2.0.0"
        }
      }
    ]
  },
  "version": 1
}
