{
  "object": {
    "pins": [
      {
        "package": "big-num",
        "repositoryURL": "https://github.com/adam-fowler/big-num",
        "state": {
          "branch": null,
          "revision": "5c5511ad06aeb2b97d0868f7394e14a624bfb1c7",
          "version": "2.0.2"
        }
      },
      {
        "package": "BigInt",
        "repositoryURL": "https://github.com/attaswift/BigInt.git",
        "state": {
          "branch": null,
          "revision": "793a7fac0bfc318e85994bf6900652e827aef33e",
          "version": "5.4.1"
        }
      },
      {
        "package": "swift-crypto",
        "repositoryURL": "https://github.com/apple/swift-crypto",
        "state": {
          "branch": null,
          "revision": "ddb07e896a2a8af79512543b1c7eb9797f8898a5",
          "version": "1.1.7"
        }
      }
    ]
  },
  "version": 1
}
