// !$*UTF8*$!
{
	archiveVersion = 1;
	classes = {
	};
	objectVersion = 90;
	objects = {

/* Begin PBXBuildFile section */
		0525A743F6CE6829F40D2C51 /* Sparkle in Frameworks */ = {isa = PBXBuildFile; productRef = 424A1B74CD38CCC62313D3DD /* Sparkle */; };
		0716E9EA85523F7886A0CC25 /* Path in Frameworks */ = {isa = PBXBuildFile; productRef = 41A46B8F9C1451607E9B57D4 /* Path */; };
		07BE1E55D386210C786CB2CB /* SwiftSoup in Frameworks */ = {isa = PBXBuildFile; productRef = 763D078214E3089F5DC7A34B /* SwiftSoup */; };
		10904F46CEDD8F75E5D58F09 /* libunxip in Frameworks */ = {isa = PBXBuildFile; productRef = 77F87CE62CB7B14117A46F4E /* libunxip */; };
		1158B8AEC1C762BEA2B55C7C /* SRP in Frameworks */ = {isa = PBXBuildFile; productRef = E0EF53DDADAF70B005B10406 /* SRP */; };
		4A47D5C504851374F81D50E7 /* AppleAPI in Frameworks */ = {isa = PBXBuildFile; productRef = E9602FDB51029D70A69B12F5 /* AppleAPI */; };
		4FC36D017EBEA554CCAFC707 /* OrderedCollections in Frameworks */ = {isa = PBXBuildFile; productRef = 43888E7677B19CC28C5D7402 /* OrderedCollections */; };
		757BB5EAD48DA84C39B0C94B /* eu.mpwg.xcodes.Helper in Embed Dependencies */ = {isa = PBXBuildFile; fileRef = 956B216AA750563A4E1EA0F7 /* eu.mpwg.xcodes.Helper */; settings = {ATTRIBUTES = (CodeSignOnCopy, ); }; };
		C5B2FC4A77390D41B7C34894 /* XcodesKit in Frameworks */ = {isa = PBXBuildFile; productRef = 36F610CDBBDE406B609A8032 /* XcodesKit */; };
		CD4E48CB6C3891AE95D2A385 /* Version in Frameworks */ = {isa = PBXBuildFile; productRef = 70C3EF03E0AAA54222557AEA /* Version */; };
		F2B7EC96E5C971E375690E03 /* DockProgress in Frameworks */ = {isa = PBXBuildFile; productRef = 9CDE302DD4909615B7FF93A0 /* DockProgress */; };
/* End PBXBuildFile section */

/* Begin PBXContainerItemProxy section */
		29E2ED645EA022BA1BE7E824 /* PBXContainerItemProxy */ = {
			isa = PBXContainerItemProxy;
			containerPortal = F9005AFD00204F022EF367CF /* Project object */;
			proxyType = 1;
			remoteGlobalIDString = ACBEAF23F11BEC57D7212F5D;
			remoteInfo = Xcodes;
		};
		AAC645C0E3A79630E6DAE2C2 /* PBXContainerItemProxy */ = {
			isa = PBXContainerItemProxy;
			containerPortal = F9005AFD00204F022EF367CF /* Project object */;
			proxyType = 1;
			remoteGlobalIDString = 4A475A498BD9751F1C9F5E74;
			remoteInfo = eu.mpwg.xcodes.Helper;
		};
/* End PBXContainerItemProxy section */

/* Begin PBXCopyFilesBuildPhase section */
		59EAC5B89AD80D4592075A1B /* Embed Dependencies */ = {
			isa = PBXCopyFilesBuildPhase;
			dstPath = Contents/Library/LaunchServices;
			dstSubfolder = Wrapper;
			files = (
				757BB5EAD48DA84C39B0C94B /* eu.mpwg.xcodes.Helper in Embed Dependencies */,
			);
			name = "Embed Dependencies";
		};
/* End PBXCopyFilesBuildPhase section */

/* Begin PBXFileReference section */
		2C8EA1B0AE882CB94CD3C83A /* XcodesKit */ = {isa = PBXFileReference; lastKnownFileType = folder; path = XcodesKit; sourceTree = SOURCE_ROOT; };
		2F0162B303870DA95CB0E0AC /* Xcodes.app */ = {isa = PBXFileReference; explicitFileType = wrapper.application; includeInIndex = 0; path = Xcodes.app; sourceTree = BUILT_PRODUCTS_DIR; };
		3806B469778488C3A8A7BBB1 /* XcodesTests.xctest */ = {isa = PBXFileReference; explicitFileType = wrapper.cfbundle; includeInIndex = 0; path = XcodesTests.xctest; sourceTree = BUILT_PRODUCTS_DIR; };
		956B216AA750563A4E1EA0F7 /* eu.mpwg.xcodes.Helper */ = {isa = PBXFileReference; explicitFileType = "compiled.mach-o.executable"; includeInIndex = 0; path = eu.mpwg.xcodes.Helper; sourceTree = BUILT_PRODUCTS_DIR; };
		A8871F5722543141E43ED005 /* AppleAPI */ = {isa = PBXFileReference; lastKnownFileType = folder; path = AppleAPI; sourceTree = SOURCE_ROOT; };
/* End PBXFileReference section */

/* Begin PBXFileSystemSynchronizedBuildFileExceptionSet section */
		007ACA338D590D0BE38066C5 /* Exceptions for "Sources/Xcodes" folder in "Xcodes" target */ = {
			isa = PBXFileSystemSynchronizedBuildFileExceptionSet;
			membershipExceptions = (
				Resources/Info.plist,
			);
			target = ACBEAF23F11BEC57D7212F5D /* Xcodes */;
		};
		33BD9DB0A0E4B9417A140931 /* Exceptions for "Tests/XcodesTests" folder in "XcodesTests" target */ = {
			isa = PBXFileSystemSynchronizedBuildFileExceptionSet;
			membershipExceptions = (
				Info.plist,
			);
			target = 88A5DC1C3A87E4A46E0805CE /* XcodesTests */;
		};
		DBB69934F82EB858D959E02E /* Exceptions for "Sources/PrivilegedHelper" folder in "eu.mpwg.xcodes.Helper" target */ = {
			isa = PBXFileSystemSynchronizedBuildFileExceptionSet;
			membershipExceptions = (
				Info.plist,
				launchd.plist,
				SimpleXPCApp.LICENSE,
			);
			target = 4A475A498BD9751F1C9F5E74 /* eu.mpwg.xcodes.Helper */;
		};
/* End PBXFileSystemSynchronizedBuildFileExceptionSet section */

/* Begin PBXFileSystemSynchronizedRootGroup section */
		604DC1CEE9ED3B6ADD6B9F20 /* Sources/Xcodes */ = {
			isa = PBXFileSystemSynchronizedRootGroup;
			exceptions = (
				007ACA338D590D0BE38066C5 /* Exceptions for "Sources/Xcodes" folder in "Xcodes" target */,
			);
			path = Sources/Xcodes;
			sourceTree = "<group>";
		};
		681D768AE17CC2EB49B5BEF4 /* Sources/HelperXPCShared */ = {
			isa = PBXFileSystemSynchronizedRootGroup;
			path = Sources/HelperXPCShared;
			sourceTree = "<group>";
		};
		720B10D41E227A76D14A302C /* Tests/XcodesTests */ = {
			isa = PBXFileSystemSynchronizedRootGroup;
			exceptions = (
				33BD9DB0A0E4B9417A140931 /* Exceptions for "Tests/XcodesTests" folder in "XcodesTests" target */,
			);
			path = Tests/XcodesTests;
			sourceTree = "<group>";
		};
		C63251174EB82DC90A2026CC /* Sources/PrivilegedHelper */ = {
			isa = PBXFileSystemSynchronizedRootGroup;
			exceptions = (
				DBB69934F82EB858D959E02E /* Exceptions for "Sources/PrivilegedHelper" folder in "eu.mpwg.xcodes.Helper" target */,
			);
			path = Sources/PrivilegedHelper;
			sourceTree = "<group>";
		};
/* End PBXFileSystemSynchronizedRootGroup section */

/* Begin PBXFrameworksBuildPhase section */
		532F23957012E9AA1E5518A8 /* Frameworks */ = {
			isa = PBXFrameworksBuildPhase;
			files = (
				4A47D5C504851374F81D50E7 /* AppleAPI in Frameworks */,
				CD4E48CB6C3891AE95D2A385 /* Version in Frameworks */,
				07BE1E55D386210C786CB2CB /* SwiftSoup in Frameworks */,
				F2B7EC96E5C971E375690E03 /* DockProgress in Frameworks */,
				C5B2FC4A77390D41B7C34894 /* XcodesKit in Frameworks */,
				0716E9EA85523F7886A0CC25 /* Path in Frameworks */,
				4FC36D017EBEA554CCAFC707 /* OrderedCollections in Frameworks */,
				0525A743F6CE6829F40D2C51 /* Sparkle in Frameworks */,
				1158B8AEC1C762BEA2B55C7C /* SRP in Frameworks */,
				10904F46CEDD8F75E5D58F09 /* libunxip in Frameworks */,
			);
		};
/* End PBXFrameworksBuildPhase section */

/* Begin PBXGroup section */
		3125ED53C4F340AF4E20EFAB /* Products */ = {
			isa = PBXGroup;
			children = (
				956B216AA750563A4E1EA0F7 /* eu.mpwg.xcodes.Helper */,
				2F0162B303870DA95CB0E0AC /* Xcodes.app */,
				3806B469778488C3A8A7BBB1 /* XcodesTests.xctest */,
			);
			name = Products;
			sourceTree = "<group>";
		};
		67F743DE2548BE201B236F7A = {
			isa = PBXGroup;
			children = (
				A8871F5722543141E43ED005 /* AppleAPI */,
				2C8EA1B0AE882CB94CD3C83A /* XcodesKit */,
				681D768AE17CC2EB49B5BEF4 /* Sources/HelperXPCShared */,
				C63251174EB82DC90A2026CC /* Sources/PrivilegedHelper */,
				604DC1CEE9ED3B6ADD6B9F20 /* Sources/Xcodes */,
				720B10D41E227A76D14A302C /* Tests/XcodesTests */,
				7BCD72519B6EB044A1036E28 /* Frameworks */,
				3125ED53C4F340AF4E20EFAB /* Products */,
			);
			sourceTree = "<group>";
		};
		7BCD72519B6EB044A1036E28 /* Frameworks */ = {
			isa = PBXGroup;
			children = (
			);
			name = Frameworks;
			sourceTree = "<group>";
		};
/* End PBXGroup section */

/* Begin PBXNativeTarget section */
		4A475A498BD9751F1C9F5E74 /* eu.mpwg.xcodes.Helper */ = {
			isa = PBXNativeTarget;
			buildConfigurationList = AB0EAE60CEDC390E2CDF4C5D /* Build configuration list for PBXNativeTarget "eu.mpwg.xcodes.Helper" */;
			buildPhases = (
				FEC274729446CB3372D53D78 /* Sources */,
				CFFB1F4F70E278AFE2CDAEB1 /* Resources */,
			);
			buildRules = (
			);
			fileSystemSynchronizedGroups = (
				681D768AE17CC2EB49B5BEF4 /* Sources/HelperXPCShared */,
				C63251174EB82DC90A2026CC /* Sources/PrivilegedHelper */,
			);
			name = eu.mpwg.xcodes.Helper;
			productName = eu.mpwg.xcodes.Helper;
			productReference = 956B216AA750563A4E1EA0F7 /* eu.mpwg.xcodes.Helper */;
			productType = "com.apple.product-type.tool";
		};
		88A5DC1C3A87E4A46E0805CE /* XcodesTests */ = {
			isa = PBXNativeTarget;
			buildConfigurationList = 156D54BCADDA597F55473B19 /* Build configuration list for PBXNativeTarget "XcodesTests" */;
			buildPhases = (
				12AAE30148E577D9CA8E1E75 /* Sources */,
				DC25CF0410243D48C9DA5ECD /* Resources */,
			);
			buildRules = (
			);
			dependencies = (
				F8CF176EAD673C012A6FBBC7 /* PBXTargetDependency */,
			);
			fileSystemSynchronizedGroups = (
				720B10D41E227A76D14A302C /* Tests/XcodesTests */,
			);
			name = XcodesTests;
			productName = XcodesTests;
			productReference = 3806B469778488C3A8A7BBB1 /* XcodesTests.xctest */;
			productType = "com.apple.product-type.bundle.unit-test";
		};
		ACBEAF23F11BEC57D7212F5D /* Xcodes */ = {
			isa = PBXNativeTarget;
			buildConfigurationList = 51C5B13883251BB2023DFCBE /* Build configuration list for PBXNativeTarget "Xcodes" */;
			buildPhases = (
				B4D74CA877F1EF0BF0B279DD /* Sources */,
				1EE559613D2E7EDA7C51E6FB /* Resources */,
				532F23957012E9AA1E5518A8 /* Frameworks */,
				59EAC5B89AD80D4592075A1B /* Embed Dependencies */,
			);
			buildRules = (
			);
			dependencies = (
				AE52206A884DDEE3DEB07793 /* PBXTargetDependency */,
			);
			fileSystemSynchronizedGroups = (
				604DC1CEE9ED3B6ADD6B9F20 /* Sources/Xcodes */,
				681D768AE17CC2EB49B5BEF4 /* Sources/HelperXPCShared */,
			);
			name = Xcodes;
			packageProductDependencies = (
				E9602FDB51029D70A69B12F5 /* AppleAPI */,
				70C3EF03E0AAA54222557AEA /* Version */,
				763D078214E3089F5DC7A34B /* SwiftSoup */,
				9CDE302DD4909615B7FF93A0 /* DockProgress */,
				36F610CDBBDE406B609A8032 /* XcodesKit */,
				41A46B8F9C1451607E9B57D4 /* Path */,
				43888E7677B19CC28C5D7402 /* OrderedCollections */,
				424A1B74CD38CCC62313D3DD /* Sparkle */,
				E0EF53DDADAF70B005B10406 /* SRP */,
				77F87CE62CB7B14117A46F4E /* libunxip */,
			);
			productName = Xcodes;
			productReference = 2F0162B303870DA95CB0E0AC /* Xcodes.app */;
			productType = "com.apple.product-type.application";
		};
/* End PBXNativeTarget section */

/* Begin PBXProject section */
		F9005AFD00204F022EF367CF /* Project object */ = {
			isa = PBXProject;
			attributes = {
				BuildIndependentTargetsInParallel = YES;
				LastUpgradeCheck = 2650;
			};
			buildConfigurationList = 090F64493D21517834C88B94 /* Build configuration list for PBXProject "Xcodes" */;
			developmentRegion = en;
			hasScannedForEncodings = 0;
			knownRegions = (
				Base,
				en,
			);
			mainGroup = 67F743DE2548BE201B236F7A;
			minimizedProjectReferenceProxies = 1;
			packageReferences = (
				1D4E6DE372236859D9EB83CD /* XCRemoteSwiftPackageReference "DockProgress" */,
				46D8F12FF0973DE6E7D39E0B /* XCRemoteSwiftPackageReference "Path" */,
				FBF765A663C3848556765E18 /* XCRemoteSwiftPackageReference "Sparkle" */,
				2445BB30AD3F933A63872736 /* XCRemoteSwiftPackageReference "SwiftSoup" */,
				0725650435EBBDBCBF04D6A2 /* XCRemoteSwiftPackageReference "Version" */,
				9BBDDFD5A831FE0A3701C5DA /* XCRemoteSwiftPackageReference "big-num" */,
				DB2A3156F58055E74A957695 /* XCRemoteSwiftPackageReference "swift-collections" */,
				875612FA7A84895232023AD9 /* XCRemoteSwiftPackageReference "swift-srp" */,
				3CA34FFA1C94CC03DF8E6D4E /* XCRemoteSwiftPackageReference "unxip" */,
				53C62003DF35AC341192831B /* XCLocalSwiftPackageReference "AppleAPI" */,
				EE07FB20DD6A773F73E9969D /* XCLocalSwiftPackageReference "XcodesKit" */,
			);
			preferredProjectObjectVersion = 90;
			productRefGroup = 3125ED53C4F340AF4E20EFAB /* Products */;
			projectDirPath = "";
			projectRoot = "";
			targets = (
				ACBEAF23F11BEC57D7212F5D /* Xcodes */,
				88A5DC1C3A87E4A46E0805CE /* XcodesTests */,
				4A475A498BD9751F1C9F5E74 /* eu.mpwg.xcodes.Helper */,
			);
		};
/* End PBXProject section */

/* Begin PBXResourcesBuildPhase section */
		1EE559613D2E7EDA7C51E6FB /* Resources */ = {
			isa = PBXResourcesBuildPhase;
			files = (
			);
		};
		CFFB1F4F70E278AFE2CDAEB1 /* Resources */ = {
			isa = PBXResourcesBuildPhase;
			files = (
			);
		};
		DC25CF0410243D48C9DA5ECD /* Resources */ = {
			isa = PBXResourcesBuildPhase;
			files = (
			);
		};
/* End PBXResourcesBuildPhase section */

/* Begin PBXSourcesBuildPhase section */
		12AAE30148E577D9CA8E1E75 /* Sources */ = {
			isa = PBXSourcesBuildPhase;
			files = (
			);
		};
		B4D74CA877F1EF0BF0B279DD /* Sources */ = {
			isa = PBXSourcesBuildPhase;
			files = (
			);
		};
		FEC274729446CB3372D53D78 /* Sources */ = {
			isa = PBXSourcesBuildPhase;
			files = (
			);
		};
/* End PBXSourcesBuildPhase section */

/* Begin PBXTargetDependency section */
		AE52206A884DDEE3DEB07793 /* PBXTargetDependency */ = {
			isa = PBXTargetDependency;
			target = 4A475A498BD9751F1C9F5E74 /* eu.mpwg.xcodes.Helper */;
			targetProxy = AAC645C0E3A79630E6DAE2C2 /* PBXContainerItemProxy */;
		};
		F8CF176EAD673C012A6FBBC7 /* PBXTargetDependency */ = {
			isa = PBXTargetDependency;
			target = ACBEAF23F11BEC57D7212F5D /* Xcodes */;
			targetProxy = 29E2ED645EA022BA1BE7E824 /* PBXContainerItemProxy */;
		};
/* End PBXTargetDependency section */

/* Begin XCBuildConfiguration section */
		0A620BF2338B8A9A97EF6E09 /* Release configuration for PBXProject "Xcodes" */ = {
			isa = XCBuildConfiguration;
			buildSettings = {
				ALWAYS_SEARCH_USER_PATHS = NO;
				CLANG_ANALYZER_LOCALIZABILITY_NONLOCALIZED = YES;
				CLANG_ANALYZER_NONNULL = YES;
				CLANG_ANALYZER_NUMBER_OBJECT_CONVERSION = YES_AGGRESSIVE;
				CLANG_CXX_LANGUAGE_STANDARD = "gnu++14";
				CLANG_CXX_LIBRARY = "libc++";
				CLANG_ENABLE_MODULES = YES;
				CLANG_ENABLE_OBJC_ARC = YES;
				CLANG_ENABLE_OBJC_WEAK = YES;
				CLANG_WARN_BLOCK_CAPTURE_AUTORELEASING = YES;
				CLANG_WARN_BOOL_CONVERSION = YES;
				CLANG_WARN_COMMA = YES;
				CLANG_WARN_CONSTANT_CONVERSION = YES;
				CLANG_WARN_DEPRECATED_OBJC_IMPLEMENTATIONS = YES;
				CLANG_WARN_DIRECT_OBJC_ISA_USAGE = YES_ERROR;
				CLANG_WARN_DOCUMENTATION_COMMENTS = YES;
				CLANG_WARN_EMPTY_BODY = YES;
				CLANG_WARN_ENUM_CONVERSION = YES;
				CLANG_WARN_INFINITE_RECURSION = YES;
				CLANG_WARN_INT_CONVERSION = YES;
				CLANG_WARN_NON_LITERAL_NULL_CONVERSION = YES;
				CLANG_WARN_OBJC_IMPLICIT_RETAIN_SELF = YES;
				CLANG_WARN_OBJC_LITERAL_CONVERSION = YES;
				CLANG_WARN_OBJC_ROOT_CLASS = YES_ERROR;
				CLANG_WARN_QUOTED_INCLUDE_IN_FRAMEWORK_HEADER = YES;
				CLANG_WARN_RANGE_LOOP_ANALYSIS = YES;
				CLANG_WARN_STRICT_PROTOTYPES = YES;
				CLANG_WARN_SUSPICIOUS_MOVE = YES;
				CLANG_WARN_UNGUARDED_AVAILABILITY = YES_AGGRESSIVE;
					CLANG_WARN_UNREACHABLE_CODE = YES;
					CLANG_WARN__DUPLICATE_METHOD_MATCH = YES;
					APP_STORE_TEAM_ID = 59GAB85EFG;
					CODE_SIGNING_SUBJECT_ORGANIZATIONAL_UNIT = ZU6GR6B2FY;
				COPY_PHASE_STRIP = NO;
				DEAD_CODE_STRIPPING = YES;
				DEBUG_INFORMATION_FORMAT = "dwarf-with-dsym";
				ENABLE_NS_ASSERTIONS = NO;
				ENABLE_STRICT_OBJC_MSGSEND = YES;
				ENABLE_USER_SCRIPT_SANDBOXING = YES;
				GCC_C_LANGUAGE_STANDARD = gnu11;
				GCC_NO_COMMON_BLOCKS = YES;
				GCC_WARN_64_TO_32_BIT_CONVERSION = YES;
				GCC_WARN_ABOUT_RETURN_TYPE = YES_ERROR;
				GCC_WARN_UNDECLARED_SELECTOR = YES;
				GCC_WARN_UNINITIALIZED_AUTOS = YES_AGGRESSIVE;
				GCC_WARN_UNUSED_FUNCTION = YES;
				GCC_WARN_UNUSED_VARIABLE = YES;
				LOCALIZATION_PREFERS_STRING_CATALOGS = YES;
				MACOSX_DEPLOYMENT_TARGET = 15.0;
				MTL_ENABLE_DEBUG_INFO = NO;
				MTL_FAST_MATH = YES;
				SDKROOT = macosx;
				STRING_CATALOG_GENERATE_SYMBOLS = YES;
				SWIFT_APPROACHABLE_CONCURRENCY = YES;
				SWIFT_COMPILATION_MODE = wholemodule;
				SWIFT_EMIT_LOC_STRINGS = YES;
				SWIFT_OPTIMIZATION_LEVEL = "-O";
				SWIFT_UPCOMING_FEATURE_MEMBER_IMPORT_VISIBILITY = YES;
				SWIFT_VERSION = 6.0;
			};
			name = Release;
		};
		288864E1C7A528CA9F7A719A /* Test configuration for PBXNativeTarget "eu.mpwg.xcodes.Helper" */ = {
			isa = XCBuildConfiguration;
			buildSettings = {
				CLANG_WARN_QUOTED_INCLUDE_IN_FRAMEWORK_HEADER = YES;
				CODE_SIGN_ENTITLEMENTS = Sources/PrivilegedHelper/PrivilegedHelperTest.entitlements;
				CODE_SIGN_STYLE = Manual;
				CREATE_INFOPLIST_SECTION_IN_BINARY = YES;
				DEAD_CODE_STRIPPING = YES;
				DEVELOPMENT_TEAM = "";
				ENABLE_HARDENED_RUNTIME = NO;
				GCC_TREAT_WARNINGS_AS_ERRORS = YES;
				INFOPLIST_FILE = Sources/PrivilegedHelper/Info.plist;
				MARKETING_VERSION = 2.0.0;
				OTHER_LDFLAGS = (
					"-sectcreate",
					__TEXT,
					__launchd_plist,
					"$(SRCROOT)/Sources/PrivilegedHelper/launchd.plist",
				);
				PRODUCT_BUNDLE_IDENTIFIER = eu.mpwg.xcodes.Helper;
				PRODUCT_NAME = "$(TARGET_NAME)";
				PROVISIONING_PROFILE_SPECIFIER = "";
				SKIP_INSTALL = YES;
				SWIFT_TREAT_WARNINGS_AS_ERRORS = YES;
				SWIFT_VERSION = 6.0;
			};
			name = Test;
		};
		3E22AF6287BC26455EE869A4 /* Debug configuration for PBXNativeTarget "eu.mpwg.xcodes.Helper" */ = {
			isa = XCBuildConfiguration;
			buildSettings = {
				CLANG_WARN_QUOTED_INCLUDE_IN_FRAMEWORK_HEADER = YES;
				CODE_SIGN_STYLE = Automatic;
				CREATE_INFOPLIST_SECTION_IN_BINARY = YES;
				DEAD_CODE_STRIPPING = YES;
				DEVELOPMENT_TEAM = PZV43D6HWT;
				ENABLE_HARDENED_RUNTIME = YES;
				GCC_TREAT_WARNINGS_AS_ERRORS = YES;
				INFOPLIST_FILE = Sources/PrivilegedHelper/Info.plist;
				MARKETING_VERSION = 2.0.0;
				OTHER_LDFLAGS = (
					"-sectcreate",
					__TEXT,
					__launchd_plist,
					"$(SRCROOT)/Sources/PrivilegedHelper/launchd.plist",
				);
				PRODUCT_BUNDLE_IDENTIFIER = eu.mpwg.xcodes.Helper;
				PRODUCT_NAME = "$(TARGET_NAME)";
				SKIP_INSTALL = YES;
				SWIFT_TREAT_WARNINGS_AS_ERRORS = YES;
				SWIFT_VERSION = 6.0;
			};
			name = Debug;
		};
		645C2B5B7006263D624503B7 /* Release configuration for PBXNativeTarget "Xcodes" */ = {
			isa = XCBuildConfiguration;
			buildSettings = {
				ASSETCATALOG_COMPILER_APPICON_NAME = XcodesIcon;
				ASSETCATALOG_COMPILER_INCLUDE_ALL_APPICON_ASSETS = NO;
				CODE_SIGN_ENTITLEMENTS = Sources/Xcodes/Resources/Xcodes.entitlements;
				"CODE_SIGN_IDENTITY[sdk=macosx*]" = "Apple Development";
				CODE_SIGN_STYLE = Automatic;
				COMBINE_HIDPI_IMAGES = YES;
				CURRENT_PROJECT_VERSION = 34;
				DEAD_CODE_STRIPPING = YES;
				DEVELOPMENT_ASSET_PATHS = "\"Sources/Xcodes/Preview Content\"";
				DEVELOPMENT_TEAM = PZV43D6HWT;
				ENABLE_HARDENED_RUNTIME = YES;
				ENABLE_PREVIEWS = YES;
				GCC_TREAT_WARNINGS_AS_ERRORS = YES;
				INFOPLIST_FILE = Sources/Xcodes/Resources/Info.plist;
				INFOPLIST_KEY_LSApplicationCategoryType = "public.app-category.developer-tools";
				LD_RUNPATH_SEARCH_PATHS = (
					"$(inherited)",
					"@executable_path/../Frameworks",
				);
				MARKETING_VERSION = 3.0.2;
				PRODUCT_BUNDLE_IDENTIFIER = eu.mpwg.xcodes;
				PRODUCT_NAME = Xcodes;
				SWIFT_TREAT_WARNINGS_AS_ERRORS = YES;
				SWIFT_VERSION = 6.0;
			};
			name = Release;
		};
		77AA4EE9F3B80E4B980159D7 /* Release configuration for PBXNativeTarget "eu.mpwg.xcodes.Helper" */ = {
			isa = XCBuildConfiguration;
			buildSettings = {
				CLANG_WARN_QUOTED_INCLUDE_IN_FRAMEWORK_HEADER = YES;
				"CODE_SIGN_IDENTITY[sdk=macosx*]" = "Apple Development";
				CODE_SIGN_STYLE = Automatic;
				CREATE_INFOPLIST_SECTION_IN_BINARY = YES;
				DEAD_CODE_STRIPPING = YES;
				DEVELOPMENT_TEAM = PZV43D6HWT;
				ENABLE_HARDENED_RUNTIME = YES;
				GCC_TREAT_WARNINGS_AS_ERRORS = YES;
				INFOPLIST_FILE = Sources/PrivilegedHelper/Info.plist;
				MARKETING_VERSION = 2.0.0;
				OTHER_LDFLAGS = (
					"-sectcreate",
					__TEXT,
					__launchd_plist,
					"$(SRCROOT)/Sources/PrivilegedHelper/launchd.plist",
				);
				PRODUCT_BUNDLE_IDENTIFIER = eu.mpwg.xcodes.Helper;
				PRODUCT_NAME = "$(TARGET_NAME)";
				SKIP_INSTALL = YES;
				SWIFT_TREAT_WARNINGS_AS_ERRORS = YES;
				SWIFT_VERSION = 6.0;
			};
			name = Release;
		};
		91897DB5229A2C021C2E0984 /* Debug configuration for PBXNativeTarget "XcodesTests" */ = {
			isa = XCBuildConfiguration;
			buildSettings = {
				BUNDLE_LOADER = "$(TEST_HOST)";
				CODE_SIGN_STYLE = Automatic;
				COMBINE_HIDPI_IMAGES = YES;
				DEAD_CODE_STRIPPING = YES;
				DEVELOPMENT_TEAM = PZV43D6HWT;
				GCC_TREAT_WARNINGS_AS_ERRORS = YES;
				INFOPLIST_FILE = Tests/XcodesTests/Info.plist;
				LD_RUNPATH_SEARCH_PATHS = (
					"$(inherited)",
					"@executable_path/../Frameworks",
					"@loader_path/../Frameworks",
				);
				PRODUCT_BUNDLE_IDENTIFIER = eu.mpwg.xcodes.tests;
				PRODUCT_NAME = "$(TARGET_NAME)";
				SWIFT_TREAT_WARNINGS_AS_ERRORS = YES;
				SWIFT_VERSION = 6.0;
				TEST_HOST = "$(BUILT_PRODUCTS_DIR)/Xcodes.app/Contents/MacOS/Xcodes";
			};
			name = Debug;
		};
		98CD3AF568B84C64C92BB9ED /* Test configuration for PBXNativeTarget "XcodesTests" */ = {
			isa = XCBuildConfiguration;
			buildSettings = {
				BUNDLE_LOADER = "$(TEST_HOST)";
				CODE_SIGN_IDENTITY = "-";
				CODE_SIGN_STYLE = Manual;
				COMBINE_HIDPI_IMAGES = YES;
				DEAD_CODE_STRIPPING = YES;
				DEVELOPMENT_TEAM = "";
				GCC_TREAT_WARNINGS_AS_ERRORS = YES;
				INFOPLIST_FILE = Tests/XcodesTests/Info.plist;
				LD_RUNPATH_SEARCH_PATHS = (
					"$(inherited)",
					"@executable_path/../Frameworks",
					"@loader_path/../Frameworks",
				);
				PRODUCT_BUNDLE_IDENTIFIER = eu.mpwg.xcodes.tests;
				PRODUCT_NAME = "$(TARGET_NAME)";
				PROVISIONING_PROFILE_SPECIFIER = "";
				SWIFT_TREAT_WARNINGS_AS_ERRORS = YES;
				SWIFT_VERSION = 6.0;
				TEST_HOST = "$(BUILT_PRODUCTS_DIR)/Xcodes.app/Contents/MacOS/Xcodes";
			};
			name = Test;
		};
		A7BAD3696FC58619B3E177C2 /* Test configuration for PBXProject "Xcodes" */ = {
			isa = XCBuildConfiguration;
			buildSettings = {
				ALWAYS_SEARCH_USER_PATHS = NO;
				CLANG_ANALYZER_LOCALIZABILITY_NONLOCALIZED = YES;
				CLANG_ANALYZER_NONNULL = YES;
				CLANG_ANALYZER_NUMBER_OBJECT_CONVERSION = YES_AGGRESSIVE;
				CLANG_CXX_LANGUAGE_STANDARD = "gnu++14";
				CLANG_CXX_LIBRARY = "libc++";
				CLANG_ENABLE_MODULES = YES;
				CLANG_ENABLE_OBJC_ARC = YES;
				CLANG_ENABLE_OBJC_WEAK = YES;
				CLANG_WARN_BLOCK_CAPTURE_AUTORELEASING = YES;
				CLANG_WARN_BOOL_CONVERSION = YES;
				CLANG_WARN_COMMA = YES;
				CLANG_WARN_CONSTANT_CONVERSION = YES;
				CLANG_WARN_DEPRECATED_OBJC_IMPLEMENTATIONS = YES;
				CLANG_WARN_DIRECT_OBJC_ISA_USAGE = YES_ERROR;
				CLANG_WARN_DOCUMENTATION_COMMENTS = YES;
				CLANG_WARN_EMPTY_BODY = YES;
				CLANG_WARN_ENUM_CONVERSION = YES;
				CLANG_WARN_INFINITE_RECURSION = YES;
				CLANG_WARN_INT_CONVERSION = YES;
				CLANG_WARN_NON_LITERAL_NULL_CONVERSION = YES;
				CLANG_WARN_OBJC_IMPLICIT_RETAIN_SELF = YES;
				CLANG_WARN_OBJC_LITERAL_CONVERSION = YES;
				CLANG_WARN_OBJC_ROOT_CLASS = YES_ERROR;
				CLANG_WARN_QUOTED_INCLUDE_IN_FRAMEWORK_HEADER = YES;
				CLANG_WARN_RANGE_LOOP_ANALYSIS = YES;
				CLANG_WARN_STRICT_PROTOTYPES = YES;
				CLANG_WARN_SUSPICIOUS_MOVE = YES;
				CLANG_WARN_UNGUARDED_AVAILABILITY = YES_AGGRESSIVE;
					CLANG_WARN_UNREACHABLE_CODE = YES;
					CLANG_WARN__DUPLICATE_METHOD_MATCH = YES;
					APP_STORE_TEAM_ID = 59GAB85EFG;
					CODE_SIGNING_SUBJECT_ORGANIZATIONAL_UNIT = ZU6GR6B2FY;
				COPY_PHASE_STRIP = NO;
				DEAD_CODE_STRIPPING = YES;
				DEBUG_INFORMATION_FORMAT = dwarf;
				ENABLE_STRICT_OBJC_MSGSEND = YES;
				ENABLE_TESTABILITY = YES;
				ENABLE_USER_SCRIPT_SANDBOXING = YES;
				GCC_C_LANGUAGE_STANDARD = gnu11;
				GCC_DYNAMIC_NO_PIC = NO;
				GCC_NO_COMMON_BLOCKS = YES;
				GCC_OPTIMIZATION_LEVEL = 0;
				GCC_PREPROCESSOR_DEFINITIONS = (
					"DEBUG=1",
					"$(inherited)",
				);
				GCC_WARN_64_TO_32_BIT_CONVERSION = YES;
				GCC_WARN_ABOUT_RETURN_TYPE = YES_ERROR;
				GCC_WARN_UNDECLARED_SELECTOR = YES;
				GCC_WARN_UNINITIALIZED_AUTOS = YES_AGGRESSIVE;
				GCC_WARN_UNUSED_FUNCTION = YES;
				GCC_WARN_UNUSED_VARIABLE = YES;
				LOCALIZATION_PREFERS_STRING_CATALOGS = YES;
				MACOSX_DEPLOYMENT_TARGET = 15.0;
				MTL_ENABLE_DEBUG_INFO = INCLUDE_SOURCE;
				MTL_FAST_MATH = YES;
				ONLY_ACTIVE_ARCH = YES;
				SDKROOT = macosx;
				STRING_CATALOG_GENERATE_SYMBOLS = YES;
				SWIFT_ACTIVE_COMPILATION_CONDITIONS = DEBUG;
				SWIFT_APPROACHABLE_CONCURRENCY = YES;
				SWIFT_EMIT_LOC_STRINGS = YES;
				SWIFT_OPTIMIZATION_LEVEL = "-Onone";
				SWIFT_UPCOMING_FEATURE_MEMBER_IMPORT_VISIBILITY = YES;
				SWIFT_VERSION = 6.0;
			};
			name = Test;
		};
		ABCF7BCF3DB20C36F25B0535 /* Release configuration for PBXNativeTarget "XcodesTests" */ = {
			isa = XCBuildConfiguration;
			buildSettings = {
				BUNDLE_LOADER = "$(TEST_HOST)";
				"CODE_SIGN_IDENTITY[sdk=macosx*]" = "-";
				CODE_SIGN_STYLE = Automatic;
				COMBINE_HIDPI_IMAGES = YES;
				DEAD_CODE_STRIPPING = YES;
				DEVELOPMENT_TEAM = ZU6GR6B2FY;
				GCC_TREAT_WARNINGS_AS_ERRORS = YES;
				INFOPLIST_FILE = Tests/XcodesTests/Info.plist;
				LD_RUNPATH_SEARCH_PATHS = (
					"$(inherited)",
					"@executable_path/../Frameworks",
					"@loader_path/../Frameworks",
				);
				PRODUCT_BUNDLE_IDENTIFIER = eu.mpwg.xcodes.tests;
				PRODUCT_NAME = "$(TARGET_NAME)";
				SWIFT_TREAT_WARNINGS_AS_ERRORS = YES;
				SWIFT_VERSION = 6.0;
				TEST_HOST = "$(BUILT_PRODUCTS_DIR)/Xcodes.app/Contents/MacOS/Xcodes";
			};
			name = Release;
		};
		C5315EF56DAB1F848CE7B90C /* Debug configuration for PBXNativeTarget "Xcodes" */ = {
			isa = XCBuildConfiguration;
			buildSettings = {
				ASSETCATALOG_COMPILER_APPICON_NAME = XcodesIcon;
				ASSETCATALOG_COMPILER_INCLUDE_ALL_APPICON_ASSETS = NO;
				CODE_SIGN_ENTITLEMENTS = Sources/Xcodes/Resources/Xcodes.entitlements;
				"CODE_SIGN_IDENTITY[sdk=macosx*]" = "Apple Development";
				CODE_SIGN_STYLE = Automatic;
				COMBINE_HIDPI_IMAGES = YES;
				CURRENT_PROJECT_VERSION = 34;
				DEAD_CODE_STRIPPING = YES;
				DEVELOPMENT_ASSET_PATHS = "\"Sources/Xcodes/Preview Content\"";
				DEVELOPMENT_TEAM = PZV43D6HWT;
				ENABLE_HARDENED_RUNTIME = YES;
				ENABLE_PREVIEWS = YES;
				GCC_TREAT_WARNINGS_AS_ERRORS = YES;
				INFOPLIST_FILE = Sources/Xcodes/Resources/Info.plist;
				INFOPLIST_KEY_LSApplicationCategoryType = "public.app-category.developer-tools";
				LD_RUNPATH_SEARCH_PATHS = (
					"$(inherited)",
					"@executable_path/../Frameworks",
				);
				MARKETING_VERSION = 3.0.2;
				PRODUCT_BUNDLE_IDENTIFIER = eu.mpwg.xcodes;
				PRODUCT_NAME = Xcodes;
				SWIFT_TREAT_WARNINGS_AS_ERRORS = YES;
				SWIFT_VERSION = 6.0;
			};
			name = Debug;
		};
		E74705DA3E3380355BFF8364 /* Test configuration for PBXNativeTarget "Xcodes" */ = {
			isa = XCBuildConfiguration;
			buildSettings = {
				ASSETCATALOG_COMPILER_APPICON_NAME = XcodesIcon;
				ASSETCATALOG_COMPILER_INCLUDE_ALL_APPICON_ASSETS = NO;
				CODE_SIGN_ENTITLEMENTS = Sources/Xcodes/Resources/XcodesTest.entitlements;
				CODE_SIGN_IDENTITY = "-";
				CODE_SIGN_STYLE = Manual;
				COMBINE_HIDPI_IMAGES = YES;
				CURRENT_PROJECT_VERSION = 34;
				DEAD_CODE_STRIPPING = YES;
				DEVELOPMENT_ASSET_PATHS = "\"Sources/Xcodes/Preview Content\"";
				DEVELOPMENT_TEAM = "";
				ENABLE_HARDENED_RUNTIME = NO;
				ENABLE_PREVIEWS = YES;
				GCC_TREAT_WARNINGS_AS_ERRORS = YES;
				INFOPLIST_FILE = Sources/Xcodes/Resources/Info.plist;
				INFOPLIST_KEY_LSApplicationCategoryType = "public.app-category.developer-tools";
				LD_RUNPATH_SEARCH_PATHS = (
					"$(inherited)",
					"@executable_path/../Frameworks",
				);
				MARKETING_VERSION = 3.0.2;
				PRODUCT_BUNDLE_IDENTIFIER = eu.mpwg.xcodes;
				PRODUCT_NAME = Xcodes;
				PROVISIONING_PROFILE_SPECIFIER = "";
				SWIFT_TREAT_WARNINGS_AS_ERRORS = YES;
				SWIFT_VERSION = 6.0;
			};
			name = Test;
		};
		FA5A0037D11085C46DF12AAE /* Debug configuration for PBXProject "Xcodes" */ = {
			isa = XCBuildConfiguration;
			buildSettings = {
				ALWAYS_SEARCH_USER_PATHS = NO;
				CLANG_ANALYZER_LOCALIZABILITY_NONLOCALIZED = YES;
				CLANG_ANALYZER_NONNULL = YES;
				CLANG_ANALYZER_NUMBER_OBJECT_CONVERSION = YES_AGGRESSIVE;
				CLANG_CXX_LANGUAGE_STANDARD = "gnu++14";
				CLANG_CXX_LIBRARY = "libc++";
				CLANG_ENABLE_MODULES = YES;
				CLANG_ENABLE_OBJC_ARC = YES;
				CLANG_ENABLE_OBJC_WEAK = YES;
				CLANG_WARN_BLOCK_CAPTURE_AUTORELEASING = YES;
				CLANG_WARN_BOOL_CONVERSION = YES;
				CLANG_WARN_COMMA = YES;
				CLANG_WARN_CONSTANT_CONVERSION = YES;
				CLANG_WARN_DEPRECATED_OBJC_IMPLEMENTATIONS = YES;
				CLANG_WARN_DIRECT_OBJC_ISA_USAGE = YES_ERROR;
				CLANG_WARN_DOCUMENTATION_COMMENTS = YES;
				CLANG_WARN_EMPTY_BODY = YES;
				CLANG_WARN_ENUM_CONVERSION = YES;
				CLANG_WARN_INFINITE_RECURSION = YES;
				CLANG_WARN_INT_CONVERSION = YES;
				CLANG_WARN_NON_LITERAL_NULL_CONVERSION = YES;
				CLANG_WARN_OBJC_IMPLICIT_RETAIN_SELF = YES;
				CLANG_WARN_OBJC_LITERAL_CONVERSION = YES;
				CLANG_WARN_OBJC_ROOT_CLASS = YES_ERROR;
				CLANG_WARN_QUOTED_INCLUDE_IN_FRAMEWORK_HEADER = YES;
				CLANG_WARN_RANGE_LOOP_ANALYSIS = YES;
				CLANG_WARN_STRICT_PROTOTYPES = YES;
				CLANG_WARN_SUSPICIOUS_MOVE = YES;
				CLANG_WARN_UNGUARDED_AVAILABILITY = YES_AGGRESSIVE;
					CLANG_WARN_UNREACHABLE_CODE = YES;
					CLANG_WARN__DUPLICATE_METHOD_MATCH = YES;
					APP_STORE_TEAM_ID = 59GAB85EFG;
					CODE_SIGNING_SUBJECT_ORGANIZATIONAL_UNIT = ZU6GR6B2FY;
				COPY_PHASE_STRIP = NO;
				DEAD_CODE_STRIPPING = YES;
				DEBUG_INFORMATION_FORMAT = dwarf;
				ENABLE_STRICT_OBJC_MSGSEND = YES;
				ENABLE_TESTABILITY = YES;
				ENABLE_USER_SCRIPT_SANDBOXING = YES;
				GCC_C_LANGUAGE_STANDARD = gnu11;
				GCC_DYNAMIC_NO_PIC = NO;
				GCC_NO_COMMON_BLOCKS = YES;
				GCC_OPTIMIZATION_LEVEL = 0;
				GCC_PREPROCESSOR_DEFINITIONS = (
					"DEBUG=1",
					"$(inherited)",
				);
				GCC_WARN_64_TO_32_BIT_CONVERSION = YES;
				GCC_WARN_ABOUT_RETURN_TYPE = YES_ERROR;
				GCC_WARN_UNDECLARED_SELECTOR = YES;
				GCC_WARN_UNINITIALIZED_AUTOS = YES_AGGRESSIVE;
				GCC_WARN_UNUSED_FUNCTION = YES;
				GCC_WARN_UNUSED_VARIABLE = YES;
				LOCALIZATION_PREFERS_STRING_CATALOGS = YES;
				MACOSX_DEPLOYMENT_TARGET = 15.0;
				MTL_ENABLE_DEBUG_INFO = INCLUDE_SOURCE;
				MTL_FAST_MATH = YES;
				ONLY_ACTIVE_ARCH = YES;
				SDKROOT = macosx;
				STRING_CATALOG_GENERATE_SYMBOLS = YES;
				SWIFT_ACTIVE_COMPILATION_CONDITIONS = DEBUG;
				SWIFT_APPROACHABLE_CONCURRENCY = YES;
				SWIFT_EMIT_LOC_STRINGS = YES;
				SWIFT_OPTIMIZATION_LEVEL = "-Onone";
				SWIFT_UPCOMING_FEATURE_MEMBER_IMPORT_VISIBILITY = YES;
				SWIFT_VERSION = 6.0;
			};
			name = Debug;
		};
/* End XCBuildConfiguration section */

/* Begin XCConfigurationList section */
		090F64493D21517834C88B94 /* Build configuration list for PBXProject "Xcodes" */ = {
			isa = XCConfigurationList;
			buildConfigurations = (
				FA5A0037D11085C46DF12AAE /* Debug configuration for PBXProject "Xcodes" */,
				0A620BF2338B8A9A97EF6E09 /* Release configuration for PBXProject "Xcodes" */,
				A7BAD3696FC58619B3E177C2 /* Test configuration for PBXProject "Xcodes" */,
			);
			defaultConfigurationName = Release;
		};
		156D54BCADDA597F55473B19 /* Build configuration list for PBXNativeTarget "XcodesTests" */ = {
			isa = XCConfigurationList;
			buildConfigurations = (
				91897DB5229A2C021C2E0984 /* Debug configuration for PBXNativeTarget "XcodesTests" */,
				ABCF7BCF3DB20C36F25B0535 /* Release configuration for PBXNativeTarget "XcodesTests" */,
				98CD3AF568B84C64C92BB9ED /* Test configuration for PBXNativeTarget "XcodesTests" */,
			);
			defaultConfigurationName = Release;
		};
		51C5B13883251BB2023DFCBE /* Build configuration list for PBXNativeTarget "Xcodes" */ = {
			isa = XCConfigurationList;
			buildConfigurations = (
				C5315EF56DAB1F848CE7B90C /* Debug configuration for PBXNativeTarget "Xcodes" */,
				645C2B5B7006263D624503B7 /* Release configuration for PBXNativeTarget "Xcodes" */,
				E74705DA3E3380355BFF8364 /* Test configuration for PBXNativeTarget "Xcodes" */,
			);
			defaultConfigurationName = Release;
		};
		AB0EAE60CEDC390E2CDF4C5D /* Build configuration list for PBXNativeTarget "eu.mpwg.xcodes.Helper" */ = {
			isa = XCConfigurationList;
			buildConfigurations = (
				3E22AF6287BC26455EE869A4 /* Debug configuration for PBXNativeTarget "eu.mpwg.xcodes.Helper" */,
				77AA4EE9F3B80E4B980159D7 /* Release configuration for PBXNativeTarget "eu.mpwg.xcodes.Helper" */,
				288864E1C7A528CA9F7A719A /* Test configuration for PBXNativeTarget "eu.mpwg.xcodes.Helper" */,
			);
			defaultConfigurationName = Release;
		};
/* End XCConfigurationList section */

/* Begin XCLocalSwiftPackageReference section */
		53C62003DF35AC341192831B /* XCLocalSwiftPackageReference "AppleAPI" */ = {
			isa = XCLocalSwiftPackageReference;
			relativePath = AppleAPI;
		};
		EE07FB20DD6A773F73E9969D /* XCLocalSwiftPackageReference "XcodesKit" */ = {
			isa = XCLocalSwiftPackageReference;
			relativePath = XcodesKit;
		};
/* End XCLocalSwiftPackageReference section */

/* Begin XCRemoteSwiftPackageReference section */
		0725650435EBBDBCBF04D6A2 /* XCRemoteSwiftPackageReference "Version" */ = {
			isa = XCRemoteSwiftPackageReference;
			repositoryURL = "https://github.com/mxcl/Version";
			requirement = {
				kind = upToNextMajorVersion;
				minimumVersion = 2.2.1;
			};
		};
		1D4E6DE372236859D9EB83CD /* XCRemoteSwiftPackageReference "DockProgress" */ = {
			isa = XCRemoteSwiftPackageReference;
			repositoryURL = "https://github.com/sindresorhus/DockProgress";
			requirement = {
				kind = upToNextMajorVersion;
				minimumVersion = 5.1.0;
			};
		};
		2445BB30AD3F933A63872736 /* XCRemoteSwiftPackageReference "SwiftSoup" */ = {
			isa = XCRemoteSwiftPackageReference;
			repositoryURL = "https://github.com/scinfu/SwiftSoup";
			requirement = {
				kind = upToNextMajorVersion;
				minimumVersion = 2.9.6;
			};
		};
		3CA34FFA1C94CC03DF8E6D4E /* XCRemoteSwiftPackageReference "unxip" */ = {
			isa = XCRemoteSwiftPackageReference;
			repositoryURL = "https://github.com/saagarjha/unxip.git";
			requirement = {
				kind = upToNextMinorVersion;
				minimumVersion = 3.3.0;
			};
		};
		46D8F12FF0973DE6E7D39E0B /* XCRemoteSwiftPackageReference "Path" */ = {
			isa = XCRemoteSwiftPackageReference;
			repositoryURL = "https://github.com/mxcl/Path.swift";
			requirement = {
				kind = upToNextMajorVersion;
				minimumVersion = 1.6.0;
			};
		};
		875612FA7A84895232023AD9 /* XCRemoteSwiftPackageReference "swift-srp" */ = {
			isa = XCRemoteSwiftPackageReference;
			repositoryURL = "https://github.com/adam-fowler/swift-srp";
			requirement = {
				kind = upToNextMajorVersion;
				minimumVersion = 2.3.0;
			};
		};
		9BBDDFD5A831FE0A3701C5DA /* XCRemoteSwiftPackageReference "big-num" */ = {
			isa = XCRemoteSwiftPackageReference;
			repositoryURL = "https://github.com/adam-fowler/big-num";
			requirement = {
				kind = upToNextMajorVersion;
				minimumVersion = 2.0.3;
			};
		};
		DB2A3156F58055E74A957695 /* XCRemoteSwiftPackageReference "swift-collections" */ = {
			isa = XCRemoteSwiftPackageReference;
			repositoryURL = "https://github.com/apple/swift-collections.git";
			requirement = {
				kind = upToNextMajorVersion;
				minimumVersion = 1.5.0;
			};
		};
		FBF765A663C3848556765E18 /* XCRemoteSwiftPackageReference "Sparkle" */ = {
			isa = XCRemoteSwiftPackageReference;
			repositoryURL = "https://github.com/sparkle-project/Sparkle";
			requirement = {
				kind = upToNextMajorVersion;
				minimumVersion = 2.9.1;
			};
		};
/* End XCRemoteSwiftPackageReference section */

/* Begin XCSwiftPackageProductDependency section */
		36F610CDBBDE406B609A8032 /* XcodesKit */ = {
			isa = XCSwiftPackageProductDependency;
			productName = XcodesKit;
		};
		41A46B8F9C1451607E9B57D4 /* Path */ = {
			isa = XCSwiftPackageProductDependency;
			package = 46D8F12FF0973DE6E7D39E0B /* XCRemoteSwiftPackageReference "Path" */;
			productName = Path;
		};
		424A1B74CD38CCC62313D3DD /* Sparkle */ = {
			isa = XCSwiftPackageProductDependency;
			package = FBF765A663C3848556765E18 /* XCRemoteSwiftPackageReference "Sparkle" */;
			productName = Sparkle;
		};
		43888E7677B19CC28C5D7402 /* OrderedCollections */ = {
			isa = XCSwiftPackageProductDependency;
			package = DB2A3156F58055E74A957695 /* XCRemoteSwiftPackageReference "swift-collections" */;
			productName = OrderedCollections;
		};
		70C3EF03E0AAA54222557AEA /* Version */ = {
			isa = XCSwiftPackageProductDependency;
			package = 0725650435EBBDBCBF04D6A2 /* XCRemoteSwiftPackageReference "Version" */;
			productName = Version;
		};
		763D078214E3089F5DC7A34B /* SwiftSoup */ = {
			isa = XCSwiftPackageProductDependency;
			package = 2445BB30AD3F933A63872736 /* XCRemoteSwiftPackageReference "SwiftSoup" */;
			productName = SwiftSoup;
		};
		77F87CE62CB7B14117A46F4E /* libunxip */ = {
			isa = XCSwiftPackageProductDependency;
			package = 3CA34FFA1C94CC03DF8E6D4E /* XCRemoteSwiftPackageReference "unxip" */;
			productName = libunxip;
		};
		9CDE302DD4909615B7FF93A0 /* DockProgress */ = {
			isa = XCSwiftPackageProductDependency;
			package = 1D4E6DE372236859D9EB83CD /* XCRemoteSwiftPackageReference "DockProgress" */;
			productName = DockProgress;
		};
		E0EF53DDADAF70B005B10406 /* SRP */ = {
			isa = XCSwiftPackageProductDependency;
			package = 875612FA7A84895232023AD9 /* XCRemoteSwiftPackageReference "swift-srp" */;
			productName = SRP;
		};
		E9602FDB51029D70A69B12F5 /* AppleAPI */ = {
			isa = XCSwiftPackageProductDependency;
			productName = AppleAPI;
		};
/* End XCSwiftPackageProductDependency section */
	};
	rootObject = F9005AFD00204F022EF367CF /* Project object */;
}
